// !$*UTF8*$!
{
	archiveVersion = 1;
	classes = {
	};
	objectVersion = 46;
	objects = {

/* Begin PBXBuildFile section */
		147597F51DE0FEFC0033E32F /* HomeViewController.swift in Sources */ = {isa = PBXBuildFile; fileRef = 147597F41DE0FEFC0033E32F /* HomeViewController.swift */; };
		14DB1FD71DE0E9A8008E1BAB /* AppDelegate.swift in Sources */ = {isa = PBXBuildFile; fileRef = 14DB1FD61DE0E9A8008E1BAB /* AppDelegate.swift */; };
		14DB1FDC1DE0E9A8008E1BAB /* Main.storyboard in Resources */ = {isa = PBXBuildFile; fileRef = 14DB1FDA1DE0E9A8008E1BAB /* Main.storyboard */; };
		14DB1FDE1DE0E9A8008E1BAB /* Assets.xcassets in Resources */ = {isa = PBXBuildFile; fileRef = 14DB1FDD1DE0E9A8008E1BAB /* Assets.xcassets */; };
		14DB1FE11DE0E9A8008E1BAB /* LaunchScreen.storyboard in Resources */ = {isa = PBXBuildFile; fileRef = 14DB1FDF1DE0E9A8008E1BAB /* LaunchScreen.storyboard */; };
		5A5EEA1ED7CF49AB93548E79 /* Pods_Safenger.framework in Frameworks */ = {isa = PBXBuildFile; fileRef = 7BE6D89042049778B864CB96 /* Pods_Safenger.framework */; };
/* End PBXBuildFile section */

/* Begin PBXFileReference section */
		147597F41DE0FEFC0033E32F /* HomeViewController.swift */ = {isa = PBXFileReference; fileEncoding = 4; lastKnownFileType = sourcecode.swift; path = HomeViewController.swift; sourceTree = "<group>"; };
		14DB1FD31DE0E9A8008E1BAB /* Safenger.app */ = {isa = PBXFileReference; explicitFileType = wrapper.application; includeInIndex = 0; path = Safenger.app; sourceTree = BUILT_PRODUCTS_DIR; };
		14DB1FD61DE0E9A8008E1BAB /* AppDelegate.swift */ = {isa = PBXFileReference; lastKnownFileType = sourcecode.swift; path = AppDelegate.swift; sourceTree = "<group>"; };
		14DB1FDB1DE0E9A8008E1BAB /* Base */ = {isa = PBXFileReference; lastKnownFileType = file.storyboard; name = Base; path = Base.lproj/Main.storyboard; sourceTree = "<group>"; };
		14DB1FDD1DE0E9A8008E1BAB /* Assets.xcassets */ = {isa = PBXFileReference; lastKnownFileType = folder.assetcatalog; path = Assets.xcassets; sourceTree = "<group>"; };
		14DB1FE01DE0E9A8008E1BAB /* Base */ = {isa = PBXFileReference; lastKnownFileType = file.storyboard; name = Base; path = Base.lproj/LaunchScreen.storyboard; sourceTree = "<group>"; };
		14DB1FE21DE0E9A8008E1BAB /* Info.plist */ = {isa = PBXFileReference; lastKnownFileType = text.plist.xml; path = Info.plist; sourceTree = "<group>"; };
		7BE6D89042049778B864CB96 /* Pods_Safenger.framework */ = {isa = PBXFileReference; explicitFileType = wrapper.framework; includeInIndex = 0; path = Pods_Safenger.framework; sourceTree = BUILT_PRODUCTS_DIR; };
		9125EEE65F98A6EDFFB7D095 /* Pods-Safenger.debug.xcconfig */ = {isa = PBXFileReference; includeInIndex = 1; lastKnownFileType = text.xcconfig; name = "Pods-Safenger.debug.xcconfig"; path = "Pods/Target Support Files/Pods-Safenger/Pods-Safenger.debug.xcconfig"; sourceTree = "<group>"; };
		AD71F89D9109EBA519D0AF9A /* Pods-Safenger.release.xcconfig */ = {isa = PBXFileReference; includeInIndex = 1; lastKnownFileType = text.xcconfig; name = "Pods-Safenger.release.xcconfig"; path = "Pods/Target Support Files/Pods-Safenger/Pods-Safenger.release.xcconfig"; sourceTree = "<group>"; };
/* End PBXFileReference section */

/* Begin PBXFrameworksBuildPhase section */
		14DB1FD01DE0E9A8008E1BAB /* Frameworks */ = {
			isa = PBXFrameworksBuildPhase;
			buildActionMask = 2147483647;
			files = (
				5A5EEA1ED7CF49AB93548E79 /* Pods_Safenger.framework in Frameworks */,
			);
			runOnlyForDeploymentPostprocessing = 0;
		};
/* End PBXFrameworksBuildPhase section */

/* Begin PBXGroup section */
		14DB1FCA1DE0E9A8008E1BAB = {
			isa = PBXGroup;
			children = (
				14DB1FD51DE0E9A8008E1BAB /* Safenger */,
				14DB1FD41DE0E9A8008E1BAB /* Products */,
				581D7D6A5BC4A574437CB9C8 /* Pods */,
				725EF3AF359AC94BF20D1975 /* Frameworks */,
			);
			sourceTree = "<group>";
		};
		14DB1FD41DE0E9A8008E1BAB /* Products */ = {
			isa = PBXGroup;
			children = (
				14DB1FD31DE0E9A8008E1BAB /* Safenger.app */,
			);
			name = Products;
			sourceTree = "<group>";
		};
		14DB1FD51DE0E9A8008E1BAB /* Safenger */ = {
			isa = PBXGroup;
			children = (
				14DB1FD61DE0E9A8008E1BAB /* AppDelegate.swift */,
				147597F41DE0FEFC0033E32F /* HomeViewController.swift */,
				14DB1FDA1DE0E9A8008E1BAB /* Main.storyboard */,
				14DB1FDD1DE0E9A8008E1BAB /* Assets.xcassets */,
				14DB1FDF1DE0E9A8008E1BAB /* LaunchScreen.storyboard */,
				14DB1FE21DE0E9A8008E1BAB /* Info.plist */,
			);
			path = Safenger;
			sourceTree = "<group>";
		};
		581D7D6A5BC4A574437CB9C8 /* Pods */ = {
			isa = PBXGroup;
			children = (
				9125EEE65F98A6EDFFB7D095 /* Pods-Safenger.debug.xcconfig */,
				AD71F89D9109EBA519D0AF9A /* Pods-Safenger.release.xcconfig */,
			);
			name = Pods;
			sourceTree = "<group>";
		};
		725EF3AF359AC94BF20D1975 /* Frameworks */ = {
			isa = PBXGroup;
			children = (
				7BE6D89042049778B864CB96 /* Pods_Safenger.framework */,
			);
			name = Frameworks;
			sourceTree = "<group>";
		};
/* End PBXGroup section */

/* Begin PBXNativeTarget section */
		14DB1FD21DE0E9A8008E1BAB /* Safenger */ = {
			isa = PBXNativeTarget;
			buildConfigurationList = 14DB1FE51DE0E9A8008E1BAB /* Build configuration list for PBXNativeTarget "Safenger" */;
			buildPhases = (
				E2504BFA96E210812032E3D7 /* [CP] Check Pods Manifest.lock */,
				14DB1FCF1DE0E9A8008E1BAB /* Sources */,
				14DB1FD01DE0E9A8008E1BAB /* Frameworks */,
				14DB1FD11DE0E9A8008E1BAB /* Resources */,
				BD6CED7C8A609CC7FAEF54EA /* [CP] Embed Pods Frameworks */,
				FA0FCB4F0614B7C8D2693C6D /* [CP] Copy Pods Resources */,
			);
			buildRules = (
			);
			dependencies = (
			);
			name = Safenger;
			productName = Safenger;
			productReference = 14DB1FD31DE0E9A8008E1BAB /* Safenger.app */;
			productType = "com.apple.product-type.application";
		};
/* End PBXNativeTarget section */

/* Begin PBXProject section */
		14DB1FCB1DE0E9A8008E1BAB /* Project object */ = {
			isa = PBXProject;
			attributes = {
				LastSwiftUpdateCheck = 0810;
				LastUpgradeCheck = 0810;
				ORGANIZATIONNAME = "Sean Crenshaw";
				TargetAttributes = {
					14DB1FD21DE0E9A8008E1BAB = {
						CreatedOnToolsVersion = 8.1;
						DevelopmentTeam = U3465V32BF;
						ProvisioningStyle = Automatic;
					};
				};
			};
			buildConfigurationList = 14DB1FCE1DE0E9A8008E1BAB /* Build configuration list for PBXProject "Safenger" */;
			compatibilityVersion = "Xcode 3.2";
			developmentRegion = English;
			hasScannedForEncodings = 0;
			knownRegions = (
				en,
				Base,
			);
			mainGroup = 14DB1FCA1DE0E9A8008E1BAB;
			productRefGroup = 14DB1FD41DE0E9A8008E1BAB /* Products */;
			projectDirPath = "";
			projectRoot = "";
			targets = (
				14DB1FD21DE0E9A8008E1BAB /* Safenger */,
			);
		};
/* End PBXProject section */

/* Begin PBXResourcesBuildPhase section */
		14DB1FD11DE0E9A8008E1BAB /* Resources */ = {
			isa = PBXResourcesBuildPhase;
			buildActionMask = 2147483647;
			files = (
				14DB1FE11DE0E9A8008E1BAB /* LaunchScreen.storyboard in Resources */,
				14DB1FDE1DE0E9A8008E1BAB /* Assets.xcassets in Resources */,
				14DB1FDC1DE0E9A8008E1BAB /* Main.storyboard in Resources */,
			);
			runOnlyForDeploymentPostprocessing = 0;
		};
/* End PBXResourcesBuildPhase section */

/* Begin PBXShellScriptBuildPhase section */
		BD6CED7C8A609CC7FAEF54EA /* [CP] Embed Pods Frameworks */ = {
			isa = PBXShellScriptBuildPhase;
			buildActionMask = 2147483647;
			files = (
			);
			inputPaths = (
			);
			name = "[CP] Embed Pods Frameworks";
			outputPaths = (
			);
			runOnlyForDeploymentPostprocessing = 0;
			shellPath = /bin/sh;
			shellScript = "\"${SRCROOT}/Pods/Target Support Files/Pods-Safenger/Pods-Safenger-frameworks.sh\"\n";
			showEnvVarsInLog = 0;
		};
		E2504BFA96E210812032E3D7 /* [CP] Check Pods Manifest.lock */ = {
			isa = PBXShellScriptBuildPhase;
			buildActionMask = 2147483647;
			files = (
			);
			inputPaths = (
			);
			name = "[CP] Check Pods Manifest.lock";
			outputPaths = (
			);
			runOnlyForDeploymentPostprocessing = 0;
			shellPath = /bin/sh;
			shellScript = "diff \"${PODS_ROOT}/../Podfile.lock\" \"${PODS_ROOT}/Manifest.lock\" > /dev/null\nif [[ $? != 0 ]] ; then\n    cat << EOM\nerror: The sandbox is not in sync with the Podfile.lock. Run 'pod install' or update your CocoaPods installation.\nEOM\n    exit 1\nfi\n";
			showEnvVarsInLog = 0;
		};
		FA0FCB4F0614B7C8D2693C6D /* [CP] Copy Pods Resources */ = {
			isa = PBXShellScriptBuildPhase;
			buildActionMask = 2147483647;
			files = (
			);
			inputPaths = (
			);
			name = "[CP] Copy Pods Resources";
			outputPaths = (
			);
			runOnlyForDeploymentPostprocessing = 0;
			shellPath = /bin/sh;
			shellScript = "\"${SRCROOT}/Pods/Target Support Files/Pods-Safenger/Pods-Safenger-resources.sh\"\n";
			showEnvVarsInLog = 0;
		};
/* End PBXShellScriptBuildPhase section */

/* Begin PBXSourcesBuildPhase section */
		14DB1FCF1DE0E9A8008E1BAB /* Sources */ = {
			isa = PBXSourcesBuildPhase;
			buildActionMask = 2147483647;
			files = (
				14DB1FD71DE0E9A8008E1BAB /* AppDelegate.swift in Sources */,
				147597F51DE0FEFC0033E32F /* HomeViewController.swift in Sources */,
			);
			runOnlyForDeploymentPostprocessing = 0;
		};
/* End PBXSourcesBuildPhase section */

/* Begin PBXVariantGroup section */
		14DB1FDA1DE0E9A8008E1BAB /* Main.storyboard */ = {
			isa = PBXVariantGroup;
			children = (
				14DB1FDB1DE0E9A8008E1BAB /* Base */,
			);
			name = Main.storyboard;
			sourceTree = "<group>";
		};
		14DB1FDF1DE0E9A8008E1BAB /* LaunchScreen.storyboard */ = {
			isa = PBXVariantGroup;
			children = (
				14DB1FE01DE0E9A8008E1BAB /* Base */,
			);
			name = LaunchScreen.storyboard;
			sourceTree = "<group>";
		};
/* End PBXVariantGroup section */

/* Begin XCBuildConfiguration section */
		14DB1FE31DE0E9A8008E1BAB /* Debug */ = {
			isa = XCBuildConfiguration;
			buildSettings = {
				ALWAYS_SEARCH_USER_PATHS = NO;
				CLANG_ANALYZER_NONNULL = YES;
				CLANG_CXX_LANGUAGE_STANDARD = "gnu++0x";
				CLANG_CXX_LIBRARY = "libc++";
				CLANG_ENABLE_MODULES = YES;
				CLANG_ENABLE_OBJC_ARC = YES;
				CLANG_WARN_BOOL_CONVERSION = YES;
				CLANG_WARN_CONSTANT_CONVERSION = YES;
				CLANG_WARN_DIRECT_OBJC_ISA_USAGE = YES_ERROR;
				CLANG_WARN_DOCUMENTATION_COMMENTS = YES;
				CLANG_WARN_EMPTY_BODY = YES;
				CLANG_WARN_ENUM_CONVERSION = YES;
				CLANG_WARN_INFINITE_RECURSION = YES;
				CLANG_WARN_INT_CONVERSION = YES;
				CLANG_WARN_OBJC_ROOT_CLASS = YES_ERROR;
				CLANG_WARN_SUSPICIOUS_MOVES = YES;
				CLANG_WARN_UNREACHABLE_CODE = YES;
				CLANG_WARN__DUPLICATE_METHOD_MATCH = YES;
				"CODE_SIGN_IDENTITY[sdk=iphoneos*]" = "iPhone Developer";
				COPY_PHASE_STRIP = NO;
				DEBUG_INFORMATION_FORMAT = dwarf;
				ENABLE_STRICT_OBJC_MSGSEND = YES;
				ENABLE_TESTABILITY = YES;
				GCC_C_LANGUAGE_STANDARD = gnu99;
				GCC_DYNAMIC_NO_PIC = NO;
				GCC_NO_COMMON_BLOCKS = YES;
				GCC_OPTIMIZATION_LEVEL = 0;
				GCC_PREPROCESSOR_DEFINITIONS = (
					"DEBUG=1",
					"$(inherited)",
				);
				GCC_WARN_64_TO_32_BIT_CONVERSION = YES;
				GCC_WARN_ABOUT_RETURN_TYPE = YES_ERROR;
				GCC_WARN_UNDECLARED_SELECTOR = YES;
				GCC_WARN_UNINITIALIZED_AUTOS = YES_AGGRESSIVE;
				GCC_WARN_UNUSED_FUNCTION = YES;
				GCC_WARN_UNUSED_VARIABLE = YES;
				IPHONEOS_DEPLOYMENT_TARGET = 10.1;
				MTL_ENABLE_DEBUG_INFO = YES;
				ONLY_ACTIVE_ARCH = YES;
				SDKROOT = iphoneos;
				SWIFT_ACTIVE_COMPILATION_CONDITIONS = DEBUG;
				SWIFT_OPTIMIZATION_LEVEL = "-Onone";
			};
			name = Debug;
		};
		14DB1FE41DE0E9A8008E1BAB /* Release */ = {
			isa = XCBuildConfiguration;
			buildSettings = {
				ALWAYS_SEARCH_USER_PATHS = NO;
				CLANG_ANALYZER_NONNULL = YES;
				CLANG_CXX_LANGUAGE_STANDARD = "gnu++0x";
				CLANG_CXX_LIBRARY = "libc++";
				CLANG_ENABLE_MODULES = YES;
				CLANG_ENABLE_OBJC_ARC = YES;
				CLANG_WARN_BOOL_CONVERSION = YES;
				CLANG_WARN_CONSTANT_CONVERSION = YES;
				CLANG_WARN_DIRECT_OBJC_ISA_USAGE = YES_ERROR;
				CLANG_WARN_DOCUMENTATION_COMMENTS = YES;
				CLANG_WARN_EMPTY_BODY = YES;
				CLANG_WARN_ENUM_CONVERSION = YES;
				CLANG_WARN_INFINITE_RECURSION = YES;
				CLANG_WARN_INT_CONVERSION = YES;
				CLANG_WARN_OBJC_ROOT_CLASS = YES_ERROR;
				CLANG_WARN_SUSPICIOUS_MOVES = YES;
				CLANG_WARN_UNREACHABLE_CODE = YES;
				CLANG_WARN__DUPLICATE_METHOD_MATCH = YES;
				"CODE_SIGN_IDENTITY[sdk=iphoneos*]" = "iPhone Developer";
				COPY_PHASE_STRIP = NO;
				DEBUG_INFORMATION_FORMAT = "dwarf-with-dsym";
				ENABLE_NS_ASSERTIONS = NO;
				ENABLE_STRICT_OBJC_MSGSEND = YES;
				GCC_C_LANGUAGE_STANDARD = gnu99;
				GCC_NO_COMMON_BLOCKS = YES;
				GCC_WARN_64_TO_32_BIT_CONVERSION = YES;
				GCC_WARN_ABOUT_RETURN_TYPE = YES_ERROR;
				GCC_WARN_UNDECLARED_SELECTOR = YES;
				GCC_WARN_UNINITIALIZED_AUTOS = YES_AGGRESSIVE;
				GCC_WARN_UNUSED_FUNCTION = YES;
				GCC_WARN_UNUSED_VARIABLE = YES;
				IPHONEOS_DEPLOYMENT_TARGET = 10.1;
				MTL_ENABLE_DEBUG_INFO = NO;
				SDKROOT = iphoneos;
				SWIFT_OPTIMIZATION_LEVEL = "-Owholemodule";
				VALIDATE_PRODUCT = YES;
			};
			name = Release;
		};
		14DB1FE61DE0E9A8008E1BAB /* Debug */ = {
			isa = XCBuildConfiguration;
			baseConfigurationReference = 9125EEE65F98A6EDFFB7D095 /* Pods-Safenger.debug.xcconfig */;
			buildSettings = {
				ASSETCATALOG_COMPILER_APPICON_NAME = AppIcon;
				DEVELOPMENT_TEAM = U3465V32BF;
				INFOPLIST_FILE = Safenger/Info.plist;
				IPHONEOS_DEPLOYMENT_TARGET = 9.0;
				LD_RUNPATH_SEARCH_PATHS = "$(inherited) @executable_path/Frameworks";
				PRODUCT_BUNDLE_IDENTIFIER = com.seancrenshaw.Safenger;
				PRODUCT_NAME = "$(TARGET_NAME)";
				SWIFT_VERSION = 3.0;
			};
			name = Debug;
		};
		14DB1FE71DE0E9A8008E1BAB /* Release */ = {
			isa = XCBuildConfiguration;
			baseConfigurationReference = AD71F89D9109EBA519D0AF9A /* Pods-Safenger.release.xcconfig */;
			buildSettings = {
				ASSETCATALOG_COMPILER_APPICON_NAME = AppIcon;
				DEVELOPMENT_TEAM = U3465V32BF;
				INFOPLIST_FILE = Safenger/Info.plist;
				IPHONEOS_DEPLOYMENT_TARGET = 9.0;
				LD_RUNPATH_SEARCH_PATHS = "$(inherited) @executable_path/Frameworks";
				PRODUCT_BUNDLE_IDENTIFIER = com.seancrenshaw.Safenger;
				PRODUCT_NAME = "$(TARGET_NAME)";
				SWIFT_VERSION = 3.0;
			};
			name = Release;
		};
/* End XCBuildConfiguration section */

/* Begin XCConfigurationList section */
		14DB1FCE1DE0E9A8008E1BAB /* Build configuration list for PBXProject "Safenger" */ = {
			isa = XCConfigurationList;
			buildConfigurations = (
				14DB1FE31DE0E9A8008E1BAB /* Debug */,
				14DB1FE41DE0E9A8008E1BAB /* Release */,
			);
			defaultConfigurationIsVisible = 0;
			defaultConfigurationName = Release;
		};
		14DB1FE51DE0E9A8008E1BAB /* Build configuration list for PBXNativeTarget "Safenger" */ = {
			isa = XCConfigurationList;
			buildConfigurations = (
				14DB1FE61DE0E9A8008E1BAB /* Debug */,
				14DB1FE71DE0E9A8008E1BAB /* Release */,
			);
			defaultConfigurationIsVisible = 0;
			defaultConfigurationName = Release;
		};
/* End XCConfigurationList section */
	};
	rootObject = 14DB1FCB1DE0E9A8008E1BAB /* Project object */;
}
